{
  "nodes": {
    "nixpkgs": {
      "locked": {
        "lastModified": 1760862643,
        "narHash": "sha256-PXwG0TM7Ek87DNx4LbGWuD93PbFeKAJs4FfALtp7Wo0=",
        "owner": "nixos",
        "repo": "nixpkgs",
        "rev": "33c6dca0c0cb31d6addcd34e90a63ad61826b28c",
        "type": "github"
      },
      "original": {
        "owner": "nixos",
        "ref": "nixos-25.05",
        "repo": "nixpkgs",
        "type": "github"
      }
    },
    "nixpkgs_2": {
      "locked": {
        "lastModified": 1761236834,
        "narHash": "sha256-+pthv6hrL5VLW2UqPdISGuLiUZ6SnAXdd2DdUE+fV2Q=",
        "owner": "nixos",
        "repo": "nixpkgs",
        "rev": "d5faa84122bc0a1fd5d378492efce4e289f8eac1",
        "type": "github"
      },
      "original": {
        "owner": "nixos",
        "ref": "nixpkgs-unstable",
        "repo": "nixpkgs",
        "type": "github"
      }
    },
    "root": {
      "inputs": {
        "nixpkgs": "nixpkgs",
        "treefmt-nix": "treefmt-nix"
      }
    },
    "treefmt-nix": {
      "inputs": {
        "nixpkgs": "nixpkgs_2"
      },
      "locked": {
        "lastModified": 1767468822,
        "narHash": "sha256-MpffQxHxmjVKMiQd0Tg2IM/bSjjdQAM+NDcX6yxj7rE=",
        "owner": "numtide",
        "repo": "treefmt-nix",
        "rev": "d56486eb9493ad9c4777c65932618e9c2d0468fc",
        "type": "github"
      },
      "original": {
        "owner": "numtide",
        "repo": "treefmt-nix",
        "type": "github"
      }
    }
  },
  "root": "root",
  "version": 7
}
